
Microsoft Visual Studio Solution File, Format Version 12.00
# Visual Studio 15
VisualStudioVersion = 15.0.26124.0
MinimumVisualStudioVersion = 15.0.26124.0
Project("{FAE04EC0-301F-11D3-BF4B-00C04F79EFBC}") = "Domain", "Domain\Domain.csproj", "{3815D06E-32C4-42CC-BED4-7E253A165A1C}"
EndProject
Project("{FAE04EC0-301F-11D3-BF4B-00C04F79EFBC}") = "Persistence", "Persistence\Persistence.csproj", "{1ABDC4B4-3D5F-4FD2-B610-BD7DB803CCA2}"
EndProject
Project("{FAE04EC0-301F-11D3-BF4B-00C04F79EFBC}") = "Application", "Application\Application.csproj", "{601CFA15-80C9-4466-858D-AB9129ADFDCD}"
EndProject
Project("{FAE04EC0-301F-11D3-BF4B-00C04F79EFBC}") = "API", "API\API.csproj", "{3793E2F8-2FD1-4024-BD07-7332AF4E2706}"
EndProject
Global
	GlobalSection(SolutionConfigurationPlatforms) = preSolution
		Debug|Any CPU = Debug|Any CPU
		Debug|x64 = Debug|x64
		Debug|x86 = Debug|x86
		Release|Any CPU = Release|Any CPU
		Release|x64 = Release|x64
		Release|x86 = Release|x86
	EndGlobalSection
	GlobalSection(SolutionProperties) = preSolution
		HideSolutionNode = FALSE
	EndGlobalSection
	GlobalSection(ProjectConfigurationPlatforms) = postSolution
		{3815D06E-32C4-42CC-BED4-7E253A165A1C}.Debug|Any CPU.ActiveCfg = Debug|Any CPU
		{3815D06E-32C4-42CC-BED4-7E253A165A1C}.Debug|Any CPU.Build.0 = Debug|Any CPU
		{3815D06E-32C4-42CC-BED4-7E253A165A1C}.Debug|x64.ActiveCfg = Debug|Any CPU
		{3815D06E-32C4-42CC-BED4-7E253A165A1C}.Debug|x64.Build.0 = Debug|Any CPU
		{3815D06E-32C4-42CC-BED4-7E253A165A1C}.Debug|x86.ActiveCfg = Debug|Any CPU
		{3815D06E-32C4-42CC-BED4-7E253A165A1C}.Debug|x86.Build.0 = Debug|Any CPU
		{3815D06E-32C4-42CC-BED4-7E253A165A1C}.Release|Any CPU.ActiveCfg = Release|Any CPU
		{3815D06E-32C4-42CC-BED4-7E253A165A1C}.Release|Any CPU.Build.0 = Release|Any CPU
		{3815D06E-32C4-42CC-BED4-7E253A165A1C}.Release|x64.ActiveCfg = Release|Any CPU
		{3815D06E-32C4-42CC-BED4-7E253A165A1C}.Release|x64.Build.0 = Release|Any CPU
		{3815D06E-32C4-42CC-BED4-7E253A165A1C}.Release|x86.ActiveCfg = Release|Any CPU
		{3815D06E-32C4-42CC-BED4-7E253A165A1C}.Release|x86.Build.0 = Release|Any CPU
		{1ABDC4B4-3D5F-4FD2-B610-BD7DB803CCA2}.Debug|Any CPU.ActiveCfg = Debug|Any CPU
		{1ABDC4B4-3D5F-4FD2-B610-BD7DB803CCA2}.Debug|Any CPU.Build.0 = Debug|Any CPU
		{1ABDC4B4-3D5F-4FD2-B610-BD7DB803CCA2}.Debug|x64.ActiveCfg = Debug|Any CPU
		{1ABDC4B4-3D5F-4FD2-B610-BD7DB803CCA2}.Debug|x64.Build.0 = Debug|Any CPU
		{1ABDC4B4-3D5F-4FD2-B610-BD7DB803CCA2}.Debug|x86.ActiveCfg = Debug|Any CPU
		{1ABDC4B4-3D5F-4FD2-B610-BD7DB803CCA2}.Debug|x86.Build.0 = Debug|Any CPU
		{1ABDC4B4-3D5F-4FD2-B610-BD7DB803CCA2}.Release|Any CPU.ActiveCfg = Release|Any CPU
		{1ABDC4B4-3D5F-4FD2-B610-BD7DB803CCA2}.Release|Any CPU.Build.0 = Release|Any CPU
		{1ABDC4B4-3D5F-4FD2-B610-BD7DB803CCA2}.Release|x64.ActiveCfg = Release|Any CPU
		{1ABDC4B4-3D5F-4FD2-B610-BD7DB803CCA2}.Release|x64.Build.0 = Release|Any CPU
		{1ABDC4B4-3D5F-4FD2-B610-BD7DB803CCA2}.Release|x86.ActiveCfg = Release|Any CPU
		{1ABDC4B4-3D5F-4FD2-B610-BD7DB803CCA2}.Release|x86.Build.0 = Release|Any CPU
		{601CFA15-80C9-4466-858D-AB9129ADFDCD}.Debug|Any CPU.ActiveCfg = Debug|Any CPU
		{601CFA15-80C9-4466-858D-AB9129ADFDCD}.Debug|Any CPU.Build.0 = Debug|Any CPU
		{601CFA15-80C9-4466-858D-AB9129ADFDCD}.Debug|x64.ActiveCfg = Debug|Any CPU
		{601CFA15-80C9-4466-858D-AB9129ADFDCD}.Debug|x64.Build.0 = Debug|Any CPU
		{601CFA15-80C9-4466-858D-AB9129ADFDCD}.Debug|x86.ActiveCfg = Debug|Any CPU
		{601CFA15-80C9-4466-858D-AB9129ADFDCD}.Debug|x86.Build.0 = Debug|Any CPU
		{601CFA15-80C9-4466-858D-AB9129ADFDCD}.Release|Any CPU.ActiveCfg = Release|Any CPU
		{601CFA15-80C9-4466-858D-AB9129ADFDCD}.Release|Any CPU.Build.0 = Release|Any CPU
		{601CFA15-80C9-4466-858D-AB9129ADFDCD}.Release|x64.ActiveCfg = Release|Any CPU
		{601CFA15-80C9-4466-858D-AB9129ADFDCD}.Release|x64.Build.0 = Release|Any CPU
		{601CFA15-80C9-4466-858D-AB9129ADFDCD}.Release|x86.ActiveCfg = Release|Any CPU
		{601CFA15-80C9-4466-858D-AB9129ADFDCD}.Release|x86.Build.0 = Release|Any CPU
		{3793E2F8-2FD1-4024-BD07-7332AF4E2706}.Debug|Any CPU.ActiveCfg = Debug|Any CPU
		{3793E2F8-2FD1-4024-BD07-7332AF4E2706}.Debug|Any CPU.Build.0 = Debug|Any CPU
		{3793E2F8-2FD1-4024-BD07-7332AF4E2706}.Debug|x64.ActiveCfg = Debug|Any CPU
		{3793E2F8-2FD1-4024-BD07-7332AF4E2706}.Debug|x64.Build.0 = Debug|Any CPU
		{3793E2F8-2FD1-4024-BD07-7332AF4E2706}.Debug|x86.ActiveCfg = Debug|Any CPU
		{3793E2F8-2FD1-4024-BD07-7332AF4E2706}.Debug|x86.Build.0 = Debug|Any CPU
		{3793E2F8-2FD1-4024-BD07-7332AF4E2706}.Release|Any CPU.ActiveCfg = Release|Any CPU
		{3793E2F8-2FD1-4024-BD07-7332AF4E2706}.Release|Any CPU.Build.0 = Release|Any CPU
		{3793E2F8-2FD1-4024-BD07-7332AF4E2706}.Release|x64.ActiveCfg = Release|Any CPU
		{3793E2F8-2FD1-4024-BD07-7332AF4E2706}.Release|x64.Build.0 = Release|Any CPU
		{3793E2F8-2FD1-4024-BD07-7332AF4E2706}.Release|x86.ActiveCfg = Release|Any CPU
		{3793E2F8-2FD1-4024-BD07-7332AF4E2706}.Release|x86.Build.0 = Release|Any CPU
	EndGlobalSection
EndGlobal
